
Microsoft Visual Studio Solution File, Format Version 12.00
# Visual Studio Version 17
VisualStudioVersion = 17.3.32825.248
MinimumVisualStudioVersion = 10.0.40219.1
Project("{FAE04EC0-301F-11D3-BF4B-00C04F79EFBC}") = "Practicals", "Practicals.csproj", "{1566A81E-B21D-4E0F-B93A-89EACAA01AEF}"
EndProject
Global
	GlobalSection(SolutionConfigurationPlatforms) = preSolution
		Debug|Any CPU = Debug|Any CPU
		Release|Any CPU = Release|Any CPU
	EndGlobalSection
	GlobalSection(ProjectConfigurationPlatforms) = postSolution
		{1566A81E-B21D-4E0F-B93A-89EACAA01AEF}.Debug|Any CPU.ActiveCfg = Debug|Any CPU
		{1566A81E-B21D-4E0F-B93A-89EACAA01AEF}.Debug|Any CPU.Build.0 = Debug|Any CPU
		{1566A81E-B21D-4E0F-B93A-89EACAA01AEF}.Release|Any CPU.ActiveCfg = Release|Any CPU
		{1566A81E-B21D-4E0F-B93A-89EACAA01AEF}.Release|Any CPU.Build.0 = Release|Any CPU
	EndGlobalSection
	GlobalSection(SolutionProperties) = preSolution
		HideSolutionNode = FALSE
	EndGlobalSection
	GlobalSection(ExtensibilityGlobals) = postSolution
		SolutionGuid = {5027DDFD-54FA-449D-8DDB-D3DCD17765A5}
	EndGlobalSection
EndGlobal
